
Microsoft Visual Studio Solution File, Format Version 12.00
# Visual Studio 15
VisualStudioVersion = 15.0.28307.1022
MinimumVisualStudioVersion = 10.0.40219.1
Project("{FAE04EC0-301F-11D3-BF4B-00C04F79EFBC}") = "HealthClinic", "HealthClinic\HealthClinic.csproj", "{691DD51A-AB3D-4111-9229-579056F7DB8B}"
EndProject
Global
	GlobalSection(SolutionConfigurationPlatforms) = preSolution
		Debug|Any CPU = Debug|Any CPU
		Release|Any CPU = Release|Any CPU
	EndGlobalSection
	GlobalSection(ProjectConfigurationPlatforms) = postSolution
		{691DD51A-AB3D-4111-9229-579056F7DB8B}.Debug|Any CPU.ActiveCfg = Debug|Any CPU
		{691DD51A-AB3D-4111-9229-579056F7DB8B}.Debug|Any CPU.Build.0 = Debug|Any CPU
		{691DD51A-AB3D-4111-9229-579056F7DB8B}.Release|Any CPU.ActiveCfg = Release|Any CPU
		{691DD51A-AB3D-4111-9229-579056F7DB8B}.Release|Any CPU.Build.0 = Release|Any CPU
	EndGlobalSection
	GlobalSection(SolutionProperties) = preSolution
		HideSolutionNode = FALSE
	EndGlobalSection
	GlobalSection(ExtensibilityGlobals) = postSolution
		SolutionGuid = {8BC8786B-C67A-4113-A237-4980D869EE58}
	EndGlobalSection
EndGlobal
